cloud.google.com/go v0.100.2 h1:t9Iw5QH5v4XtlEQaCtUY7x6sCABps8sW0acw7e2WQ6Y=
cloud.google.com/go/compute v1.6.1 h1:2sMmt8prCn7DPaG4Pmh0N3Inmc8cT8ae5k1M6VJ9Wqc=
cloud.google.com/go/spanner v1.32.0 h1:KUiCc/dg+T38Rc0jHdF4dT/1ScSU3AViO5aa174mm9s=
github.com/census-instrumentation/opencensus-proto v0.3.0 h1:t/LhUZLVitR1Ow2YOnduCsavhwFUklBMoGVYUCqmCqk=
github.com/cespare/xxhash/v2 v2.1.1 h1:6MnRN8NT7+YBpUIWxHtefFZOKTAPgGjpQSxqLNn0+qY=
github.com/cncf/udpa/go v0.0.0-20210930031921-04548b0d99d4 h1:hzAQntlaYRkVSFEfj9OTWlVV1H155FMD8BTKktLv0QI=
github.com/cncf/xds/go v0.0.0-20211011173535-cb28da3451f1 h1:zH8ljVhhq7yC0MIeUL/IviMtY8hx2mK8cN9wEYb8ggw=
github.com/envoyproxy/go-control-plane v0.10.2-0.20220325020618-49ff273808a1 h1:xvqufLtNVwAhN8NMyWklVgxnWohi+wtMGQMhtxexlm0=
github.com/envoyproxy/protoc-gen-validate v0.1.0 h1:EQciDnbrYxy13PgWoY8AqoxGiPrpgBZ1R8UNe3ddc+A=
github.com/golang/glog v1.0.0 h1:nfP3RFugxnNRyKgeWd4oI1nYvXpxrx8ck8ZrcizshdQ=
github.com/golang/glog v1.0.0/go.mod h1:EWib/APOK0SL3dFbYqvxE3UYd8E6s1ouQ7iEp/0LWV4=
github.com/golang/groupcache v0.0.0-20200121045136-8c9f03a8e57e h1:1r7pUrabqp18hOBcwBwiTsbnFeTZHV9eER/QT5JVZxY=
github.com/golang/protobuf v1.5.0/go.mod h1:FsONVRAS9T7sI+LIUmWTfcYkHO4aIWwzhcaSAoJOfIk=
github.com/golang/protobuf v1.5.2 h1:ROPKBNFfQgOUMifHyP+KYbvpjbdoFNs+aK7DXlji0Tw=
github.com/google/go-cmp v0.5.5/go.mod h1:v8dTdLbMG2kIc/vJvl+f65V22dbkXbowE6jgT/gNBxE=
github.com/google/go-cmp v0.5.8 h1:e6P7q2lk1O+qJJb4BtCQXlK8vWEO8V1ZeuEdJNOqZyg=
github.com/google/go-cmp v0.5.8/go.mod h1:17dUlkBOakJ0+DkrSSNjCkIjxS6bF9zb3elmeNGIjoY=
github.com/googleapis/gax-go/v2 v2.3.0 h1:nRJtk3y8Fm770D42QV6T90ZnvFZyk7agSo3Q+Z9p3WI=
go.opencensus.io v0.23.0 h1:gqCw0LfLxScz8irSi8exQc7fyQ0fKQU/qnC/X8+V/1M=
golang.org/x/net v0.0.0-20220425223048-2871e0cb64e4 h1:HVyaeDAYux4pnY+D/SiwmLOR36ewZ4iGQIIrtnuCjFA=
golang.org/x/oauth2 v0.0.0-20220411215720-9780585627b5 h1:OSnWWcOd/CtWQC2cYSBgbTSJv3ciqd8r54ySIW2y3RE=
golang.org/x/sys v0.0.0-20220503163025-988cb79eb6c6 h1:nonptSpoQ4vQjyraW20DXPAglgQfVnM9ZC6MmNLMR60=
golang.org/x/text v0.3.7 h1:olpwvP2KacW1ZWvsR7uQhoyTYvKAupfQrRGBFM352Gk=
golang.org/x/xerrors v0.0.0-20191204190536-9bdfabe68543/go.mod h1:I/5z698sn9Ka8TeJc9MKroUUfqBBauWjQqLJ2OPfmY0=
golang.org/x/xerrors v0.0.0-20220411194840-2f41105eb62f h1:GGU+dLjvlC3qDwqYgL6UgRmHXhOOgns0bZu2Ty5mm6U=
google.golang.org/api v0.80.0 h1:IQWaGVCYnsm4MO3hh+WtSXMzMzuyFx/fuR8qkN3A0Qo=
google.golang.org/appengine v1.6.7 h1:FZR1q0exgwxzPzp/aF+VccGrSfxfPpkBqjIIEq3ru6c=
google.golang.org/genproto v0.0.0-20220519153652-3a47de7e79bd h1:e0TwkXOdbnH/1x5rc5MZ/VYyiZ4v+RdVfrGMqEwT68I=
google.golang.org/grpc v1.46.2 h1:u+MLGgVf7vRdjEYZ8wDFhAVNmhkbJ5hmrA1LMWK1CAQ=
google.golang.org/protobuf v1.26.0-rc.1/go.mod h1:jlhhOSvTdKEhbULTjvd4ARK9grFBp09yW+WbY/TyQbw=
google.golang.org/protobuf v1.28.0 h1:w43yiav+6bVFTBQFZX0r7ipe9JQ1QsbMgHwbBziscLw=
google.golang.org/protobuf v1.28.0/go.mod h1:HV8QOd/L58Z+nl8r43ehVNZIU/HEI6OcFqwMG9pJV4I=
